
Microsoft Visual Studio Solution File, Format Version 12.00
# Visual Studio Version 17
VisualStudioVersion = 17.7.34009.444
MinimumVisualStudioVersion = 10.0.40219.1
Project("{FAE04EC0-301F-11D3-BF4B-00C04F79EFBC}") = "YarpGateway", "YarpGateway.csproj", "{208F5CD8-FC9F-472D-9E69-61297717CB1A}"
EndProject
Global
	GlobalSection(SolutionConfigurationPlatforms) = preSolution
		Debug|Any CPU = Debug|Any CPU
		Release|Any CPU = Release|Any CPU
	EndGlobalSection
	GlobalSection(ProjectConfigurationPlatforms) = postSolution
		{208F5CD8-FC9F-472D-9E69-61297717CB1A}.Debug|Any CPU.ActiveCfg = Debug|Any CPU
		{208F5CD8-FC9F-472D-9E69-61297717CB1A}.Debug|Any CPU.Build.0 = Debug|Any CPU
		{208F5CD8-FC9F-472D-9E69-61297717CB1A}.Release|Any CPU.ActiveCfg = Release|Any CPU
		{208F5CD8-FC9F-472D-9E69-61297717CB1A}.Release|Any CPU.Build.0 = Release|Any CPU
	EndGlobalSection
	GlobalSection(SolutionProperties) = preSolution
		HideSolutionNode = FALSE
	EndGlobalSection
	GlobalSection(ExtensibilityGlobals) = postSolution
		SolutionGuid = {A5BD6385-CD33-4E1A-A9F3-64AD16973D85}
	EndGlobalSection
EndGlobal
